
Microsoft Visual Studio Solution File, Format Version 12.00
# Visual Studio Version 16
VisualStudioVersion = 16.0.30523.141
MinimumVisualStudioVersion = 10.0.40219.1
Project("{FAE04EC0-301F-11D3-BF4B-00C04F79EFBC}") = "GCApi", "GCApi\GCApi.csproj", "{BED9C00C-0BBF-4F9E-87E0-434F0524234B}"
EndProject
Global
	GlobalSection(SolutionConfigurationPlatforms) = preSolution
		Debug|Any CPU = Debug|Any CPU
		Release|Any CPU = Release|Any CPU
	EndGlobalSection
	GlobalSection(ProjectConfigurationPlatforms) = postSolution
		{BED9C00C-0BBF-4F9E-87E0-434F0524234B}.Debug|Any CPU.ActiveCfg = Debug|Any CPU
		{BED9C00C-0BBF-4F9E-87E0-434F0524234B}.Debug|Any CPU.Build.0 = Debug|Any CPU
		{BED9C00C-0BBF-4F9E-87E0-434F0524234B}.Release|Any CPU.ActiveCfg = Release|Any CPU
		{BED9C00C-0BBF-4F9E-87E0-434F0524234B}.Release|Any CPU.Build.0 = Release|Any CPU
	EndGlobalSection
	GlobalSection(SolutionProperties) = preSolution
		HideSolutionNode = FALSE
	EndGlobalSection
	GlobalSection(ExtensibilityGlobals) = postSolution
		SolutionGuid = {E6C26D2A-F38C-4C2F-B14C-1FC5EA0018E5}
	EndGlobalSection
EndGlobal
